
Microsoft Visual Studio Solution File, Format Version 12.00
# Visual Studio Version 17
VisualStudioVersion = 17.13.35825.156 d17.13
MinimumVisualStudioVersion = 10.0.40219.1
Project("{8BC9CEB8-8B4A-11D0-8D11-00A0C91BC942}") = "Ejemplo1 Herencia", "Ejemplo1 Herencia\Ejemplo1 Herencia.vcxproj", "{850DCE33-A9F2-475F-AA08-504D200F13D5}"
EndProject
Global
	GlobalSection(SolutionConfigurationPlatforms) = preSolution
		Debug|x64 = Debug|x64
		Debug|x86 = Debug|x86
		Release|x64 = Release|x64
		Release|x86 = Release|x86
	EndGlobalSection
	GlobalSection(ProjectConfigurationPlatforms) = postSolution
		{850DCE33-A9F2-475F-AA08-504D200F13D5}.Debug|x64.ActiveCfg = Debug|x64
		{850DCE33-A9F2-475F-AA08-504D200F13D5}.Debug|x64.Build.0 = Debug|x64
		{850DCE33-A9F2-475F-AA08-504D200F13D5}.Debug|x86.ActiveCfg = Debug|Win32
		{850DCE33-A9F2-475F-AA08-504D200F13D5}.Debug|x86.Build.0 = Debug|Win32
		{850DCE33-A9F2-475F-AA08-504D200F13D5}.Release|x64.ActiveCfg = Release|x64
		{850DCE33-A9F2-475F-AA08-504D200F13D5}.Release|x64.Build.0 = Release|x64
		{850DCE33-A9F2-475F-AA08-504D200F13D5}.Release|x86.ActiveCfg = Release|Win32
		{850DCE33-A9F2-475F-AA08-504D200F13D5}.Release|x86.Build.0 = Release|Win32
	EndGlobalSection
	GlobalSection(SolutionProperties) = preSolution
		HideSolutionNode = FALSE
	EndGlobalSection
	GlobalSection(ExtensibilityGlobals) = postSolution
		SolutionGuid = {84A2B329-6FE0-4AB3-BECB-8D1939343482}
	EndGlobalSection
EndGlobal
